
Microsoft Visual Studio Solution File, Format Version 12.00
# Visual Studio Version 17
VisualStudioVersion = 17.4.33110.190
MinimumVisualStudioVersion = 10.0.40219.1
Project("{FAE04EC0-301F-11D3-BF4B-00C04F79EFBC}") = "Model", "Model\Model.csproj", "{FE553126-2321-4ADF-93F5-90CE147F2EE7}"
EndProject
Project("{FAE04EC0-301F-11D3-BF4B-00C04F79EFBC}") = "Controller", "Controller\Controller.csproj", "{DFC195A7-FA38-49FD-8F57-BD4310E66448}"
EndProject
Global
	GlobalSection(SolutionConfigurationPlatforms) = preSolution
		Debug|Any CPU = Debug|Any CPU
		Release|Any CPU = Release|Any CPU
	EndGlobalSection
	GlobalSection(ProjectConfigurationPlatforms) = postSolution
		{FE553126-2321-4ADF-93F5-90CE147F2EE7}.Debug|Any CPU.ActiveCfg = Debug|Any CPU
		{FE553126-2321-4ADF-93F5-90CE147F2EE7}.Debug|Any CPU.Build.0 = Debug|Any CPU
		{FE553126-2321-4ADF-93F5-90CE147F2EE7}.Release|Any CPU.ActiveCfg = Release|Any CPU
		{FE553126-2321-4ADF-93F5-90CE147F2EE7}.Release|Any CPU.Build.0 = Release|Any CPU
		{DFC195A7-FA38-49FD-8F57-BD4310E66448}.Debug|Any CPU.ActiveCfg = Debug|Any CPU
		{DFC195A7-FA38-49FD-8F57-BD4310E66448}.Debug|Any CPU.Build.0 = Debug|Any CPU
		{DFC195A7-FA38-49FD-8F57-BD4310E66448}.Release|Any CPU.ActiveCfg = Release|Any CPU
		{DFC195A7-FA38-49FD-8F57-BD4310E66448}.Release|Any CPU.Build.0 = Release|Any CPU
	EndGlobalSection
	GlobalSection(SolutionProperties) = preSolution
		HideSolutionNode = FALSE
	EndGlobalSection
	GlobalSection(ExtensibilityGlobals) = postSolution
		SolutionGuid = {66F52135-1F68-40CA-833C-FD1305F2FBB9}
	EndGlobalSection
EndGlobal
